{
  "files": {
    "scripts/shared_checks.py": {
      "sha256": "8456f8fd578a41bb831ea82d263ecfab2922f9896702cd51983a84eb78e91a64",
      "version": "1.1.0"
    },
    "tests/check_nginx_headers.py": {
      "placed": true,
      "sha256": "770ce568289e9df46cff8e2ecff0c5a83c89263f5669b0a1a07226bc34bb2365",
      "version": "1.0.0"
    },
    "tests/css_tokens.py": {
      "placed": true,
      "sha256": "839ff3368377c3d96e410a1329e5bffebef58d740b451c490fedbdc06b9542a9",
      "version": "1.1.0"
    },
    "tests/nginx_rig.py": {
      "placed": true,
      "sha256": "a65cdd0cbfb0759c87cf4b9c051a4b552f691787f10c9f3fc45384e337adf2e0",
      "version": "1.1.0"
    },
    "tools/psi.py": {
      "placed": true,
      "sha256": "f53dfb5f73dccd25cd34b29be37ec5df95f8bd24557535a13083f493377d708c",
      "version": "1.0.1"
    }
  },
  "source": "https://github.com/buildforge-cloud/buildforge-starter.git"
}
